
Microsoft Visual Studio Solution File, Format Version 12.00
# Visual Studio Version 16
VisualStudioVersion = 16.0.30413.136
MinimumVisualStudioVersion = 10.0.40219.1
Project("{FAE04EC0-301F-11D3-BF4B-00C04F79EFBC}") = "ProjectStructureSample", "ProjectStructureSample\ProjectStructureSample.csproj", "{6145AA0F-49C6-46E3-98D0-178BD197D8EA}"
EndProject
Global
	GlobalSection(SolutionConfigurationPlatforms) = preSolution
		Debug|Any CPU = Debug|Any CPU
		Release|Any CPU = Release|Any CPU
	EndGlobalSection
	GlobalSection(ProjectConfigurationPlatforms) = postSolution
		{6145AA0F-49C6-46E3-98D0-178BD197D8EA}.Debug|Any CPU.ActiveCfg = Debug|Any CPU
		{6145AA0F-49C6-46E3-98D0-178BD197D8EA}.Debug|Any CPU.Build.0 = Debug|Any CPU
		{6145AA0F-49C6-46E3-98D0-178BD197D8EA}.Release|Any CPU.ActiveCfg = Release|Any CPU
		{6145AA0F-49C6-46E3-98D0-178BD197D8EA}.Release|Any CPU.Build.0 = Release|Any CPU
	EndGlobalSection
	GlobalSection(SolutionProperties) = preSolution
		HideSolutionNode = FALSE
	EndGlobalSection
	GlobalSection(ExtensibilityGlobals) = postSolution
		SolutionGuid = {080C9452-7C2C-4E25-A38B-AAA5F2AC59A2}
	EndGlobalSection
EndGlobal
